
Microsoft Visual Studio Solution File, Format Version 12.00
# Visual Studio Version 17
VisualStudioVersion = 17.6.33801.468
MinimumVisualStudioVersion = 10.0.40219.1
Project("{FAE04EC0-301F-11D3-BF4B-00C04F79EFBC}") = "Task_manager", "Task_manager\Task_manager.csproj", "{BAD1900E-8E8E-4BCF-99D8-9DFC17743669}"
EndProject
Global
	GlobalSection(SolutionConfigurationPlatforms) = preSolution
		Debug|Any CPU = Debug|Any CPU
		Release|Any CPU = Release|Any CPU
	EndGlobalSection
	GlobalSection(ProjectConfigurationPlatforms) = postSolution
		{BAD1900E-8E8E-4BCF-99D8-9DFC17743669}.Debug|Any CPU.ActiveCfg = Debug|Any CPU
		{BAD1900E-8E8E-4BCF-99D8-9DFC17743669}.Debug|Any CPU.Build.0 = Debug|Any CPU
		{BAD1900E-8E8E-4BCF-99D8-9DFC17743669}.Release|Any CPU.ActiveCfg = Release|Any CPU
		{BAD1900E-8E8E-4BCF-99D8-9DFC17743669}.Release|Any CPU.Build.0 = Release|Any CPU
	EndGlobalSection
	GlobalSection(SolutionProperties) = preSolution
		HideSolutionNode = FALSE
	EndGlobalSection
	GlobalSection(ExtensibilityGlobals) = postSolution
		SolutionGuid = {19050713-6467-430E-AEA8-9B1C97BD952A}
	EndGlobalSection
EndGlobal
